
Microsoft Visual Studio Solution File, Format Version 12.00
# Visual Studio Version 17
VisualStudioVersion = 17.11.35327.3
MinimumVisualStudioVersion = 10.0.40219.1
Project("{FAE04EC0-301F-11D3-BF4B-00C04F79EFBC}") = "ShippingProvider", "ShippingProvider\ShippingProvider.csproj", "{B6E7C49B-7418-4146-906C-4C74E1A31614}"
EndProject
Global
	GlobalSection(SolutionConfigurationPlatforms) = preSolution
		Debug|Any CPU = Debug|Any CPU
		Release|Any CPU = Release|Any CPU
	EndGlobalSection
	GlobalSection(ProjectConfigurationPlatforms) = postSolution
		{B6E7C49B-7418-4146-906C-4C74E1A31614}.Debug|Any CPU.ActiveCfg = Debug|Any CPU
		{B6E7C49B-7418-4146-906C-4C74E1A31614}.Debug|Any CPU.Build.0 = Debug|Any CPU
		{B6E7C49B-7418-4146-906C-4C74E1A31614}.Release|Any CPU.ActiveCfg = Release|Any CPU
		{B6E7C49B-7418-4146-906C-4C74E1A31614}.Release|Any CPU.Build.0 = Release|Any CPU
	EndGlobalSection
	GlobalSection(SolutionProperties) = preSolution
		HideSolutionNode = FALSE
	EndGlobalSection
	GlobalSection(ExtensibilityGlobals) = postSolution
		SolutionGuid = {7D651012-9B07-4BAB-9AF8-1A958D7AA6AD}
	EndGlobalSection
EndGlobal
